
Microsoft Visual Studio Solution File, Format Version 12.00
# Visual Studio Version 16
VisualStudioVersion = 16.0.32002.261
MinimumVisualStudioVersion = 10.0.40219.1
Project("{FAE04EC0-301F-11D3-BF4B-00C04F79EFBC}") = "NullChecking", "NullChecking\NullChecking.csproj", "{356EC572-9F16-4F1A-A411-407F9110E11D}"
EndProject
Global
	GlobalSection(SolutionConfigurationPlatforms) = preSolution
		Debug|Any CPU = Debug|Any CPU
		Release|Any CPU = Release|Any CPU
	EndGlobalSection
	GlobalSection(ProjectConfigurationPlatforms) = postSolution
		{356EC572-9F16-4F1A-A411-407F9110E11D}.Debug|Any CPU.ActiveCfg = Debug|Any CPU
		{356EC572-9F16-4F1A-A411-407F9110E11D}.Debug|Any CPU.Build.0 = Debug|Any CPU
		{356EC572-9F16-4F1A-A411-407F9110E11D}.Release|Any CPU.ActiveCfg = Release|Any CPU
		{356EC572-9F16-4F1A-A411-407F9110E11D}.Release|Any CPU.Build.0 = Release|Any CPU
	EndGlobalSection
	GlobalSection(SolutionProperties) = preSolution
		HideSolutionNode = FALSE
	EndGlobalSection
	GlobalSection(ExtensibilityGlobals) = postSolution
		SolutionGuid = {25F1B709-D6DD-451B-99AC-A2C9F651F323}
	EndGlobalSection
EndGlobal
